{
  "requires": true,
  "lockfileVersion": 1,
  "dependencies": {
    "sweetalert2": {
      "version": "9.10.8",
      "resolved": "https://registry.npmjs.org/sweetalert2/-/sweetalert2-9.10.8.tgz",
      "integrity": "sha512-OqHgFs0QWbNN4qdOt9hkvDTA1+pHTrw8yNARECQdCpBmTKxC5OttgXmnGE5kXsgrT7h7BlCjDFqSAZ+Qnk3S3A=="
    }
  }
}
